
Microsoft Visual Studio Solution File, Format Version 12.00
# Visual Studio Version 16
VisualStudioVersion = 16.0.30011.22
MinimumVisualStudioVersion = 10.0.40219.1
Project("{9A19103F-16F7-4668-BE54-9A1E7A4F7556}") = "CloudCAAPI", "CloudCAAPI\CloudCAAPI.csproj", "{32DFF619-D707-4E72-981E-6EDD0EABDD05}"
EndProject
Global
	GlobalSection(SolutionConfigurationPlatforms) = preSolution
		Debug|Any CPU = Debug|Any CPU
		Release|Any CPU = Release|Any CPU
	EndGlobalSection
	GlobalSection(ProjectConfigurationPlatforms) = postSolution
		{32DFF619-D707-4E72-981E-6EDD0EABDD05}.Debug|Any CPU.ActiveCfg = Debug|Any CPU
		{32DFF619-D707-4E72-981E-6EDD0EABDD05}.Debug|Any CPU.Build.0 = Debug|Any CPU
		{32DFF619-D707-4E72-981E-6EDD0EABDD05}.Release|Any CPU.ActiveCfg = Release|Any CPU
		{32DFF619-D707-4E72-981E-6EDD0EABDD05}.Release|Any CPU.Build.0 = Release|Any CPU
	EndGlobalSection
	GlobalSection(SolutionProperties) = preSolution
		HideSolutionNode = FALSE
	EndGlobalSection
	GlobalSection(ExtensibilityGlobals) = postSolution
		SolutionGuid = {F7A7CE0A-6CCA-49AF-B157-B8E8B482AD01}
	EndGlobalSection
EndGlobal
